Microsoft Visual Studio Solution File, Format Version 10.00
# Visual Studio 2008

Project("{F1DFABD1-F9F9-378D-722F-AB2505F76238}") = "Turtorials", "Assembly-CSharp-firstpass-vs.csproj", "{3603782E-9BBF-9528-AC0A-CF3922F1DB92}"
EndProject
Project("{F1DFABD1-F9F9-378D-722F-AB2505F76238}") = "Turtorials", "Assembly-CSharp-vs.csproj", "{A849F43C-91DA-C3CF-1EB3-E68411F5AC23}"
EndProject
Project("{F1DFABD1-F9F9-378D-722F-AB2505F76238}") = "Turtorials", "Assembly-CSharp-Editor-vs.csproj", "{2B299D30-D96D-4D02-209B-29B749470871}"
EndProject
Global
	GlobalSection(SolutionConfigurationPlatforms) = preSolution
		Debug|Any CPU = Debug|Any CPU
		Release|Any CPU = Release|Any CPU
	EndGlobalSection
	GlobalSection(ProjectConfigurationPlatforms) = postSolution
		{3603782E-9BBF-9528-AC0A-CF3922F1DB92}.Debug|Any CPU.ActiveCfg = Debug|Any CPU
		{3603782E-9BBF-9528-AC0A-CF3922F1DB92}.Debug|Any CPU.Build.0 = Debug|Any CPU
		{3603782E-9BBF-9528-AC0A-CF3922F1DB92}.Release|Any CPU.ActiveCfg = Release|Any CPU
		{3603782E-9BBF-9528-AC0A-CF3922F1DB92}.Release|Any CPU.Build.0 = Release|Any CPU
		{A849F43C-91DA-C3CF-1EB3-E68411F5AC23}.Debug|Any CPU.ActiveCfg = Debug|Any CPU
		{A849F43C-91DA-C3CF-1EB3-E68411F5AC23}.Debug|Any CPU.Build.0 = Debug|Any CPU
		{A849F43C-91DA-C3CF-1EB3-E68411F5AC23}.Release|Any CPU.ActiveCfg = Release|Any CPU
		{A849F43C-91DA-C3CF-1EB3-E68411F5AC23}.Release|Any CPU.Build.0 = Release|Any CPU
		{2B299D30-D96D-4D02-209B-29B749470871}.Debug|Any CPU.ActiveCfg = Debug|Any CPU
		{2B299D30-D96D-4D02-209B-29B749470871}.Debug|Any CPU.Build.0 = Debug|Any CPU
		{2B299D30-D96D-4D02-209B-29B749470871}.Release|Any CPU.ActiveCfg = Release|Any CPU
		{2B299D30-D96D-4D02-209B-29B749470871}.Release|Any CPU.Build.0 = Release|Any CPU
	EndGlobalSection
	GlobalSection(SolutionProperties) = preSolution
		HideSolutionNode = FALSE
	EndGlobalSection
	
EndGlobal
